lockfileVersion: 5.3

importers:

  .:
    specifiers:
      commander: ^9.0.0
    dependencies:
      commander: 9.0.0

  packages/cicd:
    specifiers:
      rollup: ^2.67.2
    dependencies:
      rollup: 2.67.2

  packages/player:
    specifiers:
      '@jianzhi/cicd': workspace:^1.0.0
    dependencies:
      '@jianzhi/cicd': link:../cicd

packages:

  /commander/9.0.0:
    resolution: {integrity: sha512-JJfP2saEKbQqvW+FI93OYUB4ByV5cizMpFMiiJI8xDbBvQvSkIk0VvQdn1CZ8mqAO8Loq2h0gYTYtDFUZUeERw==}
    engines: {node: ^12.20.0 || >=14}
    dev: false

  /fsevents/2.3.2:
    resolution: {integrity: sha512-xiqMQR4xAeHTuB9uWm+fFRcIOgKBMiOBP+eXiyT7jsgVCq1bkVygt00oASowB7EdtpOHaaPgKt812P9ab+DDKA==}
    engines: {node: ^8.16.0 || ^10.6.0 || >=11.0.0}
    os: [darwin]
    requiresBuild: true
    dev: false
    optional: true

  /rollup/2.67.2:
    resolution: {integrity: sha512-hoEiBWwZtf1QdK3jZIq59L0FJj4Fiv4RplCO4pvCRC86qsoFurWB4hKQIjoRf3WvJmk5UZ9b0y5ton+62fC7Tw==}
    engines: {node: '>=10.0.0'}
    hasBin: true
    optionalDependencies:
      fsevents: 2.3.2
    dev: false
